
Microsoft Visual Studio Solution File, Format Version 12.00
# Visual Studio Version 17
VisualStudioVersion = 17.1.32319.34
MinimumVisualStudioVersion = 10.0.40219.1
Project("{9A19103F-16F7-4668-BE54-9A1E7A4F7556}") = "ZoOm", "ZoOm\ZoOm.csproj", "{E27EDB8F-DACC-4FDE-9643-E3F4FC3ABFD7}"
EndProject
Project("{9A19103F-16F7-4668-BE54-9A1E7A4F7556}") = "Modele", "Modele\Modele.csproj", "{EF1106E4-ABBA-4CFF-9B9E-E7F79455865F}"
EndProject
Project("{2150E333-8FDC-42A3-9474-1A3956D46DE8}") = "Tests", "Tests", "{4FEFCCA9-8272-462E-A8F8-41D5F5322A02}"
EndProject
Project("{9A19103F-16F7-4668-BE54-9A1E7A4F7556}") = "Test_Alimentation", "Test_Alimentation\Test_Alimentation.csproj", "{A1591EC3-8024-45E4-8C92-D3326A6F89F4}"
EndProject
Project("{9A19103F-16F7-4668-BE54-9A1E7A4F7556}") = "Test_Animal", "Test_Animal\Test_Animal.csproj", "{CA3490E6-D38E-49FA-B456-ADD105B4E9F9}"
EndProject
Project("{9A19103F-16F7-4668-BE54-9A1E7A4F7556}") = "Test_Espece", "Test_Espece\Test_Espece.csproj", "{9DDDA2B5-1AB6-45BE-AEFB-CA50973D7B6A}"
EndProject
Project("{9A19103F-16F7-4668-BE54-9A1E7A4F7556}") = "Test_Statut", "Test_Statut\Test_Statut.csproj", "{C287B5FE-693C-4696-A112-BE0A903D1F6A}"
EndProject
Project("{9A19103F-16F7-4668-BE54-9A1E7A4F7556}") = "Test_Genre", "Test_Genre\Test_Genre.csproj", "{A305B9EE-45EF-493F-92CE-127E4DCCEE52}"
EndProject
Project("{9A19103F-16F7-4668-BE54-9A1E7A4F7556}") = "Persistance", "Persistance\Persistance.csproj", "{5B88C81C-D3DE-42B6-B211-36714F8070A6}"
EndProject
Project("{9A19103F-16F7-4668-BE54-9A1E7A4F7556}") = "Business", "Business\Business.csproj", "{D9678482-A548-47CD-A8EE-888221EE431B}"
EndProject
Project("{9A19103F-16F7-4668-BE54-9A1E7A4F7556}") = "Test_Manager", "Test_Manager\Test_Manager.csproj", "{C7C88AFF-4778-48A3-8FDF-E337F06424CF}"
EndProject
Project("{2150E333-8FDC-42A3-9474-1A3956D46DE8}") = "Tests_Modele", "Tests_Modele", "{F0898D07-492A-4655-8769-D1D9E05DB849}"
EndProject
Project("{2150E333-8FDC-42A3-9474-1A3956D46DE8}") = "Tests_Persistance", "Tests_Persistance", "{C362D4F9-872D-47CD-96B8-09A82869D46C}"
EndProject
Project("{9A19103F-16F7-4668-BE54-9A1E7A4F7556}") = "Test_DataContract", "Test_DataContract\Test_DataContract.csproj", "{8257BACE-92D7-49D2-918F-5D6681370115}"
EndProject
Project("{9A19103F-16F7-4668-BE54-9A1E7A4F7556}") = "Test_Stub", "Test_Stub\Test_Stub.csproj", "{A43B5E78-EBE7-4DDF-8D3D-C38F1B57520F}"
EndProject
Project("{2150E333-8FDC-42A3-9474-1A3956D46DE8}") = "Tests_Business", "Tests_Business", "{1CEC9723-85A4-4CD1-B8B6-3E25FF8117A5}"
EndProject
Project("{54435603-DBB4-11D2-8724-00A0C9A8B90C}") = "projetZoOm", "projetZoOm\projetZoOm.vdproj", "{7CF9B4D8-FCD7-448F-A84E-A6C127344664}"
EndProject
Global
	GlobalSection(SolutionConfigurationPlatforms) = preSolution
		Debug|Any CPU = Debug|Any CPU
		Release|Any CPU = Release|Any CPU
	EndGlobalSection
	GlobalSection(ProjectConfigurationPlatforms) = postSolution
		{E27EDB8F-DACC-4FDE-9643-E3F4FC3ABFD7}.Debug|Any CPU.ActiveCfg = Debug|Any CPU
		{E27EDB8F-DACC-4FDE-9643-E3F4FC3ABFD7}.Debug|Any CPU.Build.0 = Debug|Any CPU
		{E27EDB8F-DACC-4FDE-9643-E3F4FC3ABFD7}.Release|Any CPU.ActiveCfg = Release|Any CPU
		{E27EDB8F-DACC-4FDE-9643-E3F4FC3ABFD7}.Release|Any CPU.Build.0 = Release|Any CPU
		{EF1106E4-ABBA-4CFF-9B9E-E7F79455865F}.Debug|Any CPU.ActiveCfg = Debug|Any CPU
		{EF1106E4-ABBA-4CFF-9B9E-E7F79455865F}.Debug|Any CPU.Build.0 = Debug|Any CPU
		{EF1106E4-ABBA-4CFF-9B9E-E7F79455865F}.Release|Any CPU.ActiveCfg = Release|Any CPU
		{EF1106E4-ABBA-4CFF-9B9E-E7F79455865F}.Release|Any CPU.Build.0 = Release|Any CPU
		{A1591EC3-8024-45E4-8C92-D3326A6F89F4}.Debug|Any CPU.ActiveCfg = Debug|Any CPU
		{A1591EC3-8024-45E4-8C92-D3326A6F89F4}.Debug|Any CPU.Build.0 = Debug|Any CPU
		{A1591EC3-8024-45E4-8C92-D3326A6F89F4}.Release|Any CPU.ActiveCfg = Release|Any CPU
		{A1591EC3-8024-45E4-8C92-D3326A6F89F4}.Release|Any CPU.Build.0 = Release|Any CPU
		{CA3490E6-D38E-49FA-B456-ADD105B4E9F9}.Debug|Any CPU.ActiveCfg = Debug|Any CPU
		{CA3490E6-D38E-49FA-B456-ADD105B4E9F9}.Debug|Any CPU.Build.0 = Debug|Any CPU
		{CA3490E6-D38E-49FA-B456-ADD105B4E9F9}.Release|Any CPU.ActiveCfg = Release|Any CPU
		{CA3490E6-D38E-49FA-B456-ADD105B4E9F9}.Release|Any CPU.Build.0 = Release|Any CPU
		{9DDDA2B5-1AB6-45BE-AEFB-CA50973D7B6A}.Debug|Any CPU.ActiveCfg = Debug|Any CPU
		{9DDDA2B5-1AB6-45BE-AEFB-CA50973D7B6A}.Debug|Any CPU.Build.0 = Debug|Any CPU
		{9DDDA2B5-1AB6-45BE-AEFB-CA50973D7B6A}.Release|Any CPU.ActiveCfg = Release|Any CPU
		{9DDDA2B5-1AB6-45BE-AEFB-CA50973D7B6A}.Release|Any CPU.Build.0 = Release|Any CPU
		{C287B5FE-693C-4696-A112-BE0A903D1F6A}.Debug|Any CPU.ActiveCfg = Debug|Any CPU
		{C287B5FE-693C-4696-A112-BE0A903D1F6A}.Debug|Any CPU.Build.0 = Debug|Any CPU
		{C287B5FE-693C-4696-A112-BE0A903D1F6A}.Release|Any CPU.ActiveCfg = Release|Any CPU
		{C287B5FE-693C-4696-A112-BE0A903D1F6A}.Release|Any CPU.Build.0 = Release|Any CPU
		{A305B9EE-45EF-493F-92CE-127E4DCCEE52}.Debug|Any CPU.ActiveCfg = Debug|Any CPU
		{A305B9EE-45EF-493F-92CE-127E4DCCEE52}.Debug|Any CPU.Build.0 = Debug|Any CPU
		{A305B9EE-45EF-493F-92CE-127E4DCCEE52}.Release|Any CPU.ActiveCfg = Release|Any CPU
		{A305B9EE-45EF-493F-92CE-127E4DCCEE52}.Release|Any CPU.Build.0 = Release|Any CPU
		{5B88C81C-D3DE-42B6-B211-36714F8070A6}.Debug|Any CPU.ActiveCfg = Debug|Any CPU
		{5B88C81C-D3DE-42B6-B211-36714F8070A6}.Debug|Any CPU.Build.0 = Debug|Any CPU
		{5B88C81C-D3DE-42B6-B211-36714F8070A6}.Release|Any CPU.ActiveCfg = Release|Any CPU
		{5B88C81C-D3DE-42B6-B211-36714F8070A6}.Release|Any CPU.Build.0 = Release|Any CPU
		{D9678482-A548-47CD-A8EE-888221EE431B}.Debug|Any CPU.ActiveCfg = Debug|Any CPU
		{D9678482-A548-47CD-A8EE-888221EE431B}.Debug|Any CPU.Build.0 = Debug|Any CPU
		{D9678482-A548-47CD-A8EE-888221EE431B}.Release|Any CPU.ActiveCfg = Release|Any CPU
		{D9678482-A548-47CD-A8EE-888221EE431B}.Release|Any CPU.Build.0 = Release|Any CPU
		{C7C88AFF-4778-48A3-8FDF-E337F06424CF}.Debug|Any CPU.ActiveCfg = Debug|Any CPU
		{C7C88AFF-4778-48A3-8FDF-E337F06424CF}.Debug|Any CPU.Build.0 = Debug|Any CPU
		{C7C88AFF-4778-48A3-8FDF-E337F06424CF}.Release|Any CPU.ActiveCfg = Release|Any CPU
		{C7C88AFF-4778-48A3-8FDF-E337F06424CF}.Release|Any CPU.Build.0 = Release|Any CPU
		{8257BACE-92D7-49D2-918F-5D6681370115}.Debug|Any CPU.ActiveCfg = Debug|Any CPU
		{8257BACE-92D7-49D2-918F-5D6681370115}.Debug|Any CPU.Build.0 = Debug|Any CPU
		{8257BACE-92D7-49D2-918F-5D6681370115}.Release|Any CPU.ActiveCfg = Release|Any CPU
		{8257BACE-92D7-49D2-918F-5D6681370115}.Release|Any CPU.Build.0 = Release|Any CPU
		{A43B5E78-EBE7-4DDF-8D3D-C38F1B57520F}.Debug|Any CPU.ActiveCfg = Debug|Any CPU
		{A43B5E78-EBE7-4DDF-8D3D-C38F1B57520F}.Debug|Any CPU.Build.0 = Debug|Any CPU
		{A43B5E78-EBE7-4DDF-8D3D-C38F1B57520F}.Release|Any CPU.ActiveCfg = Release|Any CPU
		{A43B5E78-EBE7-4DDF-8D3D-C38F1B57520F}.Release|Any CPU.Build.0 = Release|Any CPU
		{7CF9B4D8-FCD7-448F-A84E-A6C127344664}.Debug|Any CPU.ActiveCfg = Debug
		{7CF9B4D8-FCD7-448F-A84E-A6C127344664}.Release|Any CPU.ActiveCfg = Release
	EndGlobalSection
	GlobalSection(SolutionProperties) = preSolution
		HideSolutionNode = FALSE
	EndGlobalSection
	GlobalSection(NestedProjects) = preSolution
		{A1591EC3-8024-45E4-8C92-D3326A6F89F4} = {F0898D07-492A-4655-8769-D1D9E05DB849}
		{CA3490E6-D38E-49FA-B456-ADD105B4E9F9} = {F0898D07-492A-4655-8769-D1D9E05DB849}
		{9DDDA2B5-1AB6-45BE-AEFB-CA50973D7B6A} = {F0898D07-492A-4655-8769-D1D9E05DB849}
		{C287B5FE-693C-4696-A112-BE0A903D1F6A} = {F0898D07-492A-4655-8769-D1D9E05DB849}
		{A305B9EE-45EF-493F-92CE-127E4DCCEE52} = {F0898D07-492A-4655-8769-D1D9E05DB849}
		{C7C88AFF-4778-48A3-8FDF-E337F06424CF} = {1CEC9723-85A4-4CD1-B8B6-3E25FF8117A5}
		{F0898D07-492A-4655-8769-D1D9E05DB849} = {4FEFCCA9-8272-462E-A8F8-41D5F5322A02}
		{C362D4F9-872D-47CD-96B8-09A82869D46C} = {4FEFCCA9-8272-462E-A8F8-41D5F5322A02}
		{8257BACE-92D7-49D2-918F-5D6681370115} = {C362D4F9-872D-47CD-96B8-09A82869D46C}
		{A43B5E78-EBE7-4DDF-8D3D-C38F1B57520F} = {C362D4F9-872D-47CD-96B8-09A82869D46C}
		{1CEC9723-85A4-4CD1-B8B6-3E25FF8117A5} = {4FEFCCA9-8272-462E-A8F8-41D5F5322A02}
	EndGlobalSection
	GlobalSection(ExtensibilityGlobals) = postSolution
		SolutionGuid = {F8BF7D47-48BD-4717-ABFC-344F7CDFDF07}
	EndGlobalSection
EndGlobal
